
Microsoft Visual Studio Solution File, Format Version 12.00
# Visual Studio Version 16
VisualStudioVersion = 16.0.30523.141
MinimumVisualStudioVersion = 10.0.40219.1
Project("{8BC9CEB8-8B4A-11D0-8D11-00A0C91BC942}") = "Ex4", "Ex4.vcxproj", "{B9FEE1C8-CE05-43CD-B7D2-6483320435B3}"
EndProject
Global
	GlobalSection(SolutionConfigurationPlatforms) = preSolution
		Debug|x64 = Debug|x64
		Debug|x86 = Debug|x86
		Release|x64 = Release|x64
		Release|x86 = Release|x86
	EndGlobalSection
	GlobalSection(ProjectConfigurationPlatforms) = postSolution
		{B9FEE1C8-CE05-43CD-B7D2-6483320435B3}.Debug|x64.ActiveCfg = Debug|x64
		{B9FEE1C8-CE05-43CD-B7D2-6483320435B3}.Debug|x64.Build.0 = Debug|x64
		{B9FEE1C8-CE05-43CD-B7D2-6483320435B3}.Debug|x86.ActiveCfg = Debug|Win32
		{B9FEE1C8-CE05-43CD-B7D2-6483320435B3}.Debug|x86.Build.0 = Debug|Win32
		{B9FEE1C8-CE05-43CD-B7D2-6483320435B3}.Release|x64.ActiveCfg = Release|x64
		{B9FEE1C8-CE05-43CD-B7D2-6483320435B3}.Release|x64.Build.0 = Release|x64
		{B9FEE1C8-CE05-43CD-B7D2-6483320435B3}.Release|x86.ActiveCfg = Release|Win32
		{B9FEE1C8-CE05-43CD-B7D2-6483320435B3}.Release|x86.Build.0 = Release|Win32
	EndGlobalSection
	GlobalSection(SolutionProperties) = preSolution
		HideSolutionNode = FALSE
	EndGlobalSection
	GlobalSection(ExtensibilityGlobals) = postSolution
		SolutionGuid = {D48BA0F1-504F-42F3-B376-499AD34C6060}
	EndGlobalSection
EndGlobal
